version = 1
revision = 3
requires-python = "==3.11.*"

[[package]]
name = "attrs"
version = "25.4.0"
source = { registry = "https://pypi.org/simple" }
sdist = { url = "https://files.pythonhosted.org/packages/6b/5c/685e6633917e101e5dcb62b9dd76946cbb57c26e133bae9e0cd36033c0a9/attrs-25.4.0.tar.gz", hash = "sha256:16d5969b87f0859ef33a48b35d55ac1be6e42ae49d5e853b597db70c35c57e11", size = 934251, upload-time = "2025-10-06T13:54:44.725Z" }
wheels = [
    { url = "https://files.pythonhosted.org/packages/3a/2a/7cc015f5b9f5db42b7d48157e23356022889fc354a2813c15934b7cb5c0e/attrs-25.4.0-py3-none-any.whl", hash = "sha256:adcf7e2a1fb3b36ac48d97835bb6d8ade15b8dcce26aba8bf1d14847b57a3373", size = 67615, upload-time = "2025-10-06T13:54:43.17Z" },
]

[[package]]
name = "babel"
version = "2.17.0"
source = { registry = "https://pypi.org/simple" }
sdist = { url = "https://files.pythonhosted.org/packages/7d/6b/d52e42361e1aa00709585ecc30b3f9684b3ab62530771402248b1b1d6240/babel-2.17.0.tar.gz", hash = "sha256:0c54cffb19f690cdcc52a3b50bcbf71e07a808d1c80d549f2459b9d2cf0afb9d", size = 9951852, upload-time = "2025-02-01T15:17:41.026Z" }
wheels = [
    { url = "https://files.pythonhosted.org/packages/b7/b8/3fe70c75fe32afc4bb507f75563d39bc5642255d1d94f1f23604725780bf/babel-2.17.0-py3-none-any.whl", hash = "sha256:4d0b53093fdfb4b21c92b5213dba5a1b23885afa8383709427046b21c366e5f2", size = 10182537, upload-time = "2025-02-01T15:17:37.39Z" },
]

[[package]]
name = "cfgv"
version = "3.5.0"
source = { registry = "https://pypi.org/simple" }
sdist = { url = "https://files.pythonhosted.org/packages/4e/b5/721b8799b04bf9afe054a3899c6cf4e880fcf8563cc71c15610242490a0c/cfgv-3.5.0.tar.gz", hash = "sha256:d5b1034354820651caa73ede66a6294d6e95c1b00acc5e9b098e917404669132", size = 7334, upload-time = "2025-11-19T20:55:51.612Z" }
wheels = [
    { url = "https://files.pythonhosted.org/packages/db/3c/33bac158f8ab7f89b2e59426d5fe2e4f63f7ed25df84c036890172b412b5/cfgv-3.5.0-py2.py3-none-any.whl", hash = "sha256:a8dc6b26ad22ff227d2634a65cb388215ce6cc96bbcc5cfde7641ae87e8dacc0", size = 7445, upload-time = "2025-11-19T20:55:50.744Z" },
]

[[package]]
name = "distlib"
version = "0.4.0"
source = { registry = "https://pypi.org/simple" }
sdist = { url = "https://files.pythonhosted.org/packages/96/8e/709914eb2b5749865801041647dc7f4e6d00b549cfe88b65ca192995f07c/distlib-0.4.0.tar.gz", hash = "sha256:feec40075be03a04501a973d81f633735b4b69f98b05450592310c0f401a4e0d", size = 614605, upload-time = "2025-07-17T16:52:00.465Z" }
wheels = [
    { url = "https://files.pythonhosted.org/packages/33/6b/e0547afaf41bf2c42e52430072fa5658766e3d65bd4b03a563d1b6336f57/distlib-0.4.0-py2.py3-none-any.whl", hash = "sha256:9659f7d87e46584a30b5780e43ac7a2143098441670ff0a49d5f9034c54a6c16", size = 469047, upload-time = "2025-07-17T16:51:58.613Z" },
]

[[package]]
name = "edalize"
version = "0.6.3"
source = { registry = "https://pypi.org/simple" }
dependencies = [
    { name = "jinja2" },
]
sdist = { url = "https://files.pythonhosted.org/packages/81/11/ff6d06a461aa864e3d9efaf7232c417703ef461d5ccd1a52f800d5ac6c64/edalize-0.6.3.tar.gz", hash = "sha256:57427b4b13d45693ec58023766fba33f66f88cfb65487b61e5499f809a0e93a2", size = 387682, upload-time = "2025-10-31T10:38:37.514Z" }
wheels = [
    { url = "https://files.pythonhosted.org/packages/6b/36/d93bf9b4ba2d0e584c9134e9619274f1417e93c48dc2c4a8798e5bab4b2b/edalize-0.6.3-py3-none-any.whl", hash = "sha256:d31e1c197130cd9fc69cacfd6753fe276b624a4faad41e8ed87e53e5025037d6", size = 170603, upload-time = "2025-10-31T10:38:35.635Z" },
]

[[package]]
name = "edalize-plugins"
source = { editable = "." }
dependencies = [
    { name = "edalize" },
]

[package.optional-dependencies]
dev = [
    { name = "edalize" },
    { name = "fusesoc" },
    { name = "pre-commit" },
    { name = "simplesat" },
]

[package.metadata]
requires-dist = [
    { name = "edalize" },
    { name = "edalize", marker = "extra == 'dev'" },
    { name = "fusesoc", marker = "extra == 'dev'" },
    { name = "pre-commit", marker = "extra == 'dev'" },
    { name = "simplesat", marker = "extra == 'dev'", specifier = "==0.8.2" },
]
provides-extras = ["dev"]

[[package]]
name = "fastjsonschema"
version = "2.21.2"
source = { registry = "https://pypi.org/simple" }
sdist = { url = "https://files.pythonhosted.org/packages/20/b5/23b216d9d985a956623b6bd12d4086b60f0059b27799f23016af04a74ea1/fastjsonschema-2.21.2.tar.gz", hash = "sha256:b1eb43748041c880796cd077f1a07c3d94e93ae84bba5ed36800a33554ae05de", size = 374130, upload-time = "2025-08-14T18:49:36.666Z" }
wheels = [
    { url = "https://files.pythonhosted.org/packages/cb/a8/20d0723294217e47de6d9e2e40fd4a9d2f7c4b6ef974babd482a59743694/fastjsonschema-2.21.2-py3-none-any.whl", hash = "sha256:1c797122d0a86c5cace2e54bf4e819c36223b552017172f32c5c024a6b77e463", size = 24024, upload-time = "2025-08-14T18:49:34.776Z" },
]

[[package]]
name = "filelock"
version = "3.20.0"
source = { registry = "https://pypi.org/simple" }
sdist = { url = "https://files.pythonhosted.org/packages/58/46/0028a82567109b5ef6e4d2a1f04a583fb513e6cf9527fcdd09afd817deeb/filelock-3.20.0.tar.gz", hash = "sha256:711e943b4ec6be42e1d4e6690b48dc175c822967466bb31c0c293f34334c13f4", size = 18922, upload-time = "2025-10-08T18:03:50.056Z" }
wheels = [
    { url = "https://files.pythonhosted.org/packages/76/91/7216b27286936c16f5b4d0c530087e4a54eead683e6b0b73dd0c64844af6/filelock-3.20.0-py3-none-any.whl", hash = "sha256:339b4732ffda5cd79b13f4e2711a31b0365ce445d95d243bb996273d072546a2", size = 16054, upload-time = "2025-10-08T18:03:48.35Z" },
]

[[package]]
name = "fusesoc"
version = "2.4"
source = { registry = "https://pypi.org/simple" }
dependencies = [
    { name = "edalize" },
    { name = "fastjsonschema" },
    { name = "jsonschema2md" },
    { name = "pyparsing" },
    { name = "pyyaml" },
    { name = "simplesat" },
]
sdist = { url = "https://files.pythonhosted.org/packages/4c/b9/08bfdd3d5882b86de3e2049f6f6c70eb405f1403ec3aa2d6500bb314f7be/fusesoc-2.4.tar.gz", hash = "sha256:a9392dc0be5d1dcc54ed7b20f247bb8d5a9665c90775952cd5129e398487fa96", size = 167317, upload-time = "2024-10-02T17:49:41.89Z" }
wheels = [
    { url = "https://files.pythonhosted.org/packages/27/f1/8970a57bfa5e07a1da506c40b90f185a89b7d5342e7eec6d457b8257f44a/fusesoc-2.4-py3-none-any.whl", hash = "sha256:6fecf1ef2e39d6ad38ddb3dc294bcfde302686e627c14359c52444129b246bb1", size = 54674, upload-time = "2024-10-02T17:49:38.844Z" },
]

[[package]]
name = "identify"
version = "2.6.15"
source = { registry = "https://pypi.org/simple" }
sdist = { url = "https://files.pythonhosted.org/packages/ff/e7/685de97986c916a6d93b3876139e00eef26ad5bbbd61925d670ae8013449/identify-2.6.15.tar.gz", hash = "sha256:e4f4864b96c6557ef2a1e1c951771838f4edc9df3a72ec7118b338801b11c7bf", size = 99311, upload-time = "2025-10-02T17:43:40.631Z" }
wheels = [
    { url = "https://files.pythonhosted.org/packages/0f/1c/e5fd8f973d4f375adb21565739498e2e9a1e54c858a97b9a8ccfdc81da9b/identify-2.6.15-py2.py3-none-any.whl", hash = "sha256:1181ef7608e00704db228516541eb83a88a9f94433a8c80bb9b5bd54b1d81757", size = 99183, upload-time = "2025-10-02T17:43:39.137Z" },
]

[[package]]
name = "jinja2"
version = "3.1.6"
source = { registry = "https://pypi.org/simple" }
dependencies = [
    { name = "markupsafe" },
]
sdist = { url = "https://files.pythonhosted.org/packages/df/bf/f7da0350254c0ed7c72f3e33cef02e048281fec7ecec5f032d4aac52226b/jinja2-3.1.6.tar.gz", hash = "sha256:0137fb05990d35f1275a587e9aee6d56da821fc83491a0fb838183be43f66d6d", size = 245115, upload-time = "2025-03-05T20:05:02.478Z" }
wheels = [
    { url = "https://files.pythonhosted.org/packages/62/a1/3d680cbfd5f4b8f15abc1d571870c5fc3e594bb582bc3b64ea099db13e56/jinja2-3.1.6-py3-none-any.whl", hash = "sha256:85ece4451f492d0c13c5dd7c13a64681a86afae63a5f347908daf103ce6d2f67", size = 134899, upload-time = "2025-03-05T20:05:00.369Z" },
]

[[package]]
name = "jsonschema2md"
version = "1.7.0"
source = { registry = "https://pypi.org/simple" }
dependencies = [
    { name = "babel" },
    { name = "markdown" },
    { name = "pyyaml" },
]
sdist = { url = "https://files.pythonhosted.org/packages/aa/c3/056bfe8d6360750ed4a13eeafd37d5ace8859b69c9fdb8d6aac82dad7d58/jsonschema2md-1.7.0.tar.gz", hash = "sha256:d69a5b011bf355c005e3c18be4515ae46d2689b38b593ced8d03c5ab66ddbaf3", size = 20017, upload-time = "2025-08-14T11:55:42.67Z" }

[[package]]
name = "markdown"
version = "3.10"
source = { registry = "https://pypi.org/simple" }
sdist = { url = "https://files.pythonhosted.org/packages/7d/ab/7dd27d9d863b3376fcf23a5a13cb5d024aed1db46f963f1b5735ae43b3be/markdown-3.10.tar.gz", hash = "sha256:37062d4f2aa4b2b6b32aefb80faa300f82cc790cb949a35b8caede34f2b68c0e", size = 364931, upload-time = "2025-11-03T19:51:15.007Z" }
wheels = [
    { url = "https://files.pythonhosted.org/packages/70/81/54e3ce63502cd085a0c556652a4e1b919c45a446bd1e5300e10c44c8c521/markdown-3.10-py3-none-any.whl", hash = "sha256:b5b99d6951e2e4948d939255596523444c0e677c669700b1d17aa4a8a464cb7c", size = 107678, upload-time = "2025-11-03T19:51:13.887Z" },
]

[[package]]
name = "markupsafe"
version = "3.0.3"
source = { registry = "https://pypi.org/simple" }
sdist = { url = "https://files.pythonhosted.org/packages/7e/99/7690b6d4034fffd95959cbe0c02de8deb3098cc577c67bb6a24fe5d7caa7/markupsafe-3.0.3.tar.gz", hash = "sha256:722695808f4b6457b320fdc131280796bdceb04ab50fe1795cd540799ebe1698", size = 80313, upload-time = "2025-09-27T18:37:40.426Z" }
wheels = [
    { url = "https://files.pythonhosted.org/packages/08/db/fefacb2136439fc8dd20e797950e749aa1f4997ed584c62cfb8ef7c2be0e/markupsafe-3.0.3-cp311-cp311-macosx_10_9_x86_64.whl", hash = "sha256:1cc7ea17a6824959616c525620e387f6dd30fec8cb44f649e31712db02123dad", size = 11631, upload-time = "2025-09-27T18:36:18.185Z" },
    { url = "https://files.pythonhosted.org/packages/e1/2e/5898933336b61975ce9dc04decbc0a7f2fee78c30353c5efba7f2d6ff27a/markupsafe-3.0.3-cp311-cp311-macosx_11_0_arm64.whl", hash = "sha256:4bd4cd07944443f5a265608cc6aab442e4f74dff8088b0dfc8238647b8f6ae9a", size = 12058, upload-time = "2025-09-27T18:36:19.444Z" },
    { url = "https://files.pythonhosted.org/packages/1d/09/adf2df3699d87d1d8184038df46a9c80d78c0148492323f4693df54e17bb/markupsafe-3.0.3-cp311-cp311-manylinux2014_aarch64.manylinux_2_17_aarch64.manylinux_2_28_aarch64.whl", hash = "sha256:6b5420a1d9450023228968e7e6a9ce57f65d148ab56d2313fcd589eee96a7a50", size = 24287, upload-time = "2025-09-27T18:36:20.768Z" },
    { url = "https://files.pythonhosted.org/packages/30/ac/0273f6fcb5f42e314c6d8cd99effae6a5354604d461b8d392b5ec9530a54/markupsafe-3.0.3-cp311-cp311-manylinux2014_x86_64.manylinux_2_17_x86_64.manylinux_2_28_x86_64.whl", hash = "sha256:0bf2a864d67e76e5c9a34dc26ec616a66b9888e25e7b9460e1c76d3293bd9dbf", size = 22940, upload-time = "2025-09-27T18:36:22.249Z" },
    { url = "https://files.pythonhosted.org/packages/19/ae/31c1be199ef767124c042c6c3e904da327a2f7f0cd63a0337e1eca2967a8/markupsafe-3.0.3-cp311-cp311-manylinux_2_31_riscv64.manylinux_2_39_riscv64.whl", hash = "sha256:bc51efed119bc9cfdf792cdeaa4d67e8f6fcccab66ed4bfdd6bde3e59bfcbb2f", size = 21887, upload-time = "2025-09-27T18:36:23.535Z" },
    { url = "https://files.pythonhosted.org/packages/b2/76/7edcab99d5349a4532a459e1fe64f0b0467a3365056ae550d3bcf3f79e1e/markupsafe-3.0.3-cp311-cp311-musllinux_1_2_aarch64.whl", hash = "sha256:068f375c472b3e7acbe2d5318dea141359e6900156b5b2ba06a30b169086b91a", size = 23692, upload-time = "2025-09-27T18:36:24.823Z" },
    { url = "https://files.pythonhosted.org/packages/a4/28/6e74cdd26d7514849143d69f0bf2399f929c37dc2b31e6829fd2045b2765/markupsafe-3.0.3-cp311-cp311-musllinux_1_2_riscv64.whl", hash = "sha256:7be7b61bb172e1ed687f1754f8e7484f1c8019780f6f6b0786e76bb01c2ae115", size = 21471, upload-time = "2025-09-27T18:36:25.95Z" },
    { url = "https://files.pythonhosted.org/packages/62/7e/a145f36a5c2945673e590850a6f8014318d5577ed7e5920a4b3448e0865d/markupsafe-3.0.3-cp311-cp311-musllinux_1_2_x86_64.whl", hash = "sha256:f9e130248f4462aaa8e2552d547f36ddadbeaa573879158d721bbd33dfe4743a", size = 22923, upload-time = "2025-09-27T18:36:27.109Z" },
    { url = "https://files.pythonhosted.org/packages/0f/62/d9c46a7f5c9adbeeeda52f5b8d802e1094e9717705a645efc71b0913a0a8/markupsafe-3.0.3-cp311-cp311-win32.whl", hash = "sha256:0db14f5dafddbb6d9208827849fad01f1a2609380add406671a26386cdf15a19", size = 14572, upload-time = "2025-09-27T18:36:28.045Z" },
    { url = "https://files.pythonhosted.org/packages/83/8a/4414c03d3f891739326e1783338e48fb49781cc915b2e0ee052aa490d586/markupsafe-3.0.3-cp311-cp311-win_amd64.whl", hash = "sha256:de8a88e63464af587c950061a5e6a67d3632e36df62b986892331d4620a35c01", size = 15077, upload-time = "2025-09-27T18:36:29.025Z" },
    { url = "https://files.pythonhosted.org/packages/35/73/893072b42e6862f319b5207adc9ae06070f095b358655f077f69a35601f0/markupsafe-3.0.3-cp311-cp311-win_arm64.whl", hash = "sha256:3b562dd9e9ea93f13d53989d23a7e775fdfd1066c33494ff43f5418bc8c58a5c", size = 13876, upload-time = "2025-09-27T18:36:29.954Z" },
]

[[package]]
name = "nodeenv"
version = "1.9.1"
source = { registry = "https://pypi.org/simple" }
sdist = { url = "https://files.pythonhosted.org/packages/43/16/fc88b08840de0e0a72a2f9d8c6bae36be573e475a6326ae854bcc549fc45/nodeenv-1.9.1.tar.gz", hash = "sha256:6ec12890a2dab7946721edbfbcd91f3319c6ccc9aec47be7c7e6b7011ee6645f", size = 47437, upload-time = "2024-06-04T18:44:11.171Z" }
wheels = [
    { url = "https://files.pythonhosted.org/packages/d2/1d/1b658dbd2b9fa9c4c9f32accbfc0205d532c8c6194dc0f2a4c0428e7128a/nodeenv-1.9.1-py2.py3-none-any.whl", hash = "sha256:ba11c9782d29c27c70ffbdda2d7415098754709be8a7056d79a737cd901155c9", size = 22314, upload-time = "2024-06-04T18:44:08.352Z" },
]

[[package]]
name = "okonomiyaki"
version = "3.0.0"
source = { registry = "https://pypi.org/simple" }
sdist = { url = "https://files.pythonhosted.org/packages/f2/95/2a3cde9beff788a9ec34d64525e509e3ae4d4053669ae1be30a000fdee5b/okonomiyaki-3.0.0.tar.gz", hash = "sha256:f5de606542d27821fda1a59c4e13dfa9adf227a0e4dc28a408e280918b54b70e", size = 8285132, upload-time = "2025-02-14T17:52:17.02Z" }
wheels = [
    { url = "https://files.pythonhosted.org/packages/6e/d2/c7e021fb8e591fa586a8aa8fd8728ffded2f80deebf6198cd1bd92c68447/okonomiyaki-3.0.0-py2.py3-none-any.whl", hash = "sha256:a5193286e9db0ded2d3ae80d7c3ebb9923bca89e94ba03d612bb9c2c0948cd77", size = 8372945, upload-time = "2025-02-14T17:52:09.245Z" },
]

[[package]]
name = "platformdirs"
version = "4.5.0"
source = { registry = "https://pypi.org/simple" }
sdist = { url = "https://files.pythonhosted.org/packages/61/33/9611380c2bdb1225fdef633e2a9610622310fed35ab11dac9620972ee088/platformdirs-4.5.0.tar.gz", hash = "sha256:70ddccdd7c99fc5942e9fc25636a8b34d04c24b335100223152c2803e4063312", size = 21632, upload-time = "2025-10-08T17:44:48.791Z" }
wheels = [
    { url = "https://files.pythonhosted.org/packages/73/cb/ac7874b3e5d58441674fb70742e6c374b28b0c7cb988d37d991cde47166c/platformdirs-4.5.0-py3-none-any.whl", hash = "sha256:e578a81bb873cbb89a41fcc904c7ef523cc18284b7e3b3ccf06aca1403b7ebd3", size = 18651, upload-time = "2025-10-08T17:44:47.223Z" },
]

[[package]]
name = "pre-commit"
version = "4.5.0"
source = { registry = "https://pypi.org/simple" }
dependencies = [
    { name = "cfgv" },
    { name = "identify" },
    { name = "nodeenv" },
    { name = "pyyaml" },
    { name = "virtualenv" },
]
sdist = { url = "https://files.pythonhosted.org/packages/f4/9b/6a4ffb4ed980519da959e1cf3122fc6cb41211daa58dbae1c73c0e519a37/pre_commit-4.5.0.tar.gz", hash = "sha256:dc5a065e932b19fc1d4c653c6939068fe54325af8e741e74e88db4d28a4dd66b", size = 198428, upload-time = "2025-11-22T21:02:42.304Z" }
wheels = [
    { url = "https://files.pythonhosted.org/packages/5d/c4/b2d28e9d2edf4f1713eb3c29307f1a63f3d67cf09bdda29715a36a68921a/pre_commit-4.5.0-py2.py3-none-any.whl", hash = "sha256:25e2ce09595174d9c97860a95609f9f852c0614ba602de3561e267547f2335e1", size = 226429, upload-time = "2025-11-22T21:02:40.836Z" },
]

[[package]]
name = "pyparsing"
version = "3.2.5"
source = { registry = "https://pypi.org/simple" }
sdist = { url = "https://files.pythonhosted.org/packages/f2/a5/181488fc2b9d093e3972d2a472855aae8a03f000592dbfce716a512b3359/pyparsing-3.2.5.tar.gz", hash = "sha256:2df8d5b7b2802ef88e8d016a2eb9c7aeaa923529cd251ed0fe4608275d4105b6", size = 1099274, upload-time = "2025-09-21T04:11:06.277Z" }
wheels = [
    { url = "https://files.pythonhosted.org/packages/10/5e/1aa9a93198c6b64513c9d7752de7422c06402de6600a8767da1524f9570b/pyparsing-3.2.5-py3-none-any.whl", hash = "sha256:e38a4f02064cf41fe6593d328d0512495ad1f3d8a91c4f73fc401b3079a59a5e", size = 113890, upload-time = "2025-09-21T04:11:04.117Z" },
]

[[package]]
name = "pyyaml"
version = "6.0.3"
source = { registry = "https://pypi.org/simple" }
sdist = { url = "https://files.pythonhosted.org/packages/05/8e/961c0007c59b8dd7729d542c61a4d537767a59645b82a0b521206e1e25c2/pyyaml-6.0.3.tar.gz", hash = "sha256:d76623373421df22fb4cf8817020cbb7ef15c725b9d5e45f17e189bfc384190f", size = 130960, upload-time = "2025-09-25T21:33:16.546Z" }
wheels = [
    { url = "https://files.pythonhosted.org/packages/6d/16/a95b6757765b7b031c9374925bb718d55e0a9ba8a1b6a12d25962ea44347/pyyaml-6.0.3-cp311-cp311-macosx_10_13_x86_64.whl", hash = "sha256:44edc647873928551a01e7a563d7452ccdebee747728c1080d881d68af7b997e", size = 185826, upload-time = "2025-09-25T21:31:58.655Z" },
    { url = "https://files.pythonhosted.org/packages/16/19/13de8e4377ed53079ee996e1ab0a9c33ec2faf808a4647b7b4c0d46dd239/pyyaml-6.0.3-cp311-cp311-macosx_11_0_arm64.whl", hash = "sha256:652cb6edd41e718550aad172851962662ff2681490a8a711af6a4d288dd96824", size = 175577, upload-time = "2025-09-25T21:32:00.088Z" },
    { url = "https://files.pythonhosted.org/packages/0c/62/d2eb46264d4b157dae1275b573017abec435397aa59cbcdab6fc978a8af4/pyyaml-6.0.3-cp311-cp311-manylinux2014_aarch64.manylinux_2_17_aarch64.manylinux_2_28_aarch64.whl", hash = "sha256:10892704fc220243f5305762e276552a0395f7beb4dbf9b14ec8fd43b57f126c", size = 775556, upload-time = "2025-09-25T21:32:01.31Z" },
    { url = "https://files.pythonhosted.org/packages/10/cb/16c3f2cf3266edd25aaa00d6c4350381c8b012ed6f5276675b9eba8d9ff4/pyyaml-6.0.3-cp311-cp311-manylinux2014_s390x.manylinux_2_17_s390x.manylinux_2_28_s390x.whl", hash = "sha256:850774a7879607d3a6f50d36d04f00ee69e7fc816450e5f7e58d7f17f1ae5c00", size = 882114, upload-time = "2025-09-25T21:32:03.376Z" },
    { url = "https://files.pythonhosted.org/packages/71/60/917329f640924b18ff085ab889a11c763e0b573da888e8404ff486657602/pyyaml-6.0.3-cp311-cp311-manylinux2014_x86_64.manylinux_2_17_x86_64.manylinux_2_28_x86_64.whl", hash = "sha256:b8bb0864c5a28024fac8a632c443c87c5aa6f215c0b126c449ae1a150412f31d", size = 806638, upload-time = "2025-09-25T21:32:04.553Z" },
    { url = "https://files.pythonhosted.org/packages/dd/6f/529b0f316a9fd167281a6c3826b5583e6192dba792dd55e3203d3f8e655a/pyyaml-6.0.3-cp311-cp311-musllinux_1_2_aarch64.whl", hash = "sha256:1d37d57ad971609cf3c53ba6a7e365e40660e3be0e5175fa9f2365a379d6095a", size = 767463, upload-time = "2025-09-25T21:32:06.152Z" },
    { url = "https://files.pythonhosted.org/packages/f2/6a/b627b4e0c1dd03718543519ffb2f1deea4a1e6d42fbab8021936a4d22589/pyyaml-6.0.3-cp311-cp311-musllinux_1_2_x86_64.whl", hash = "sha256:37503bfbfc9d2c40b344d06b2199cf0e96e97957ab1c1b546fd4f87e53e5d3e4", size = 794986, upload-time = "2025-09-25T21:32:07.367Z" },
    { url = "https://files.pythonhosted.org/packages/45/91/47a6e1c42d9ee337c4839208f30d9f09caa9f720ec7582917b264defc875/pyyaml-6.0.3-cp311-cp311-win32.whl", hash = "sha256:8098f252adfa6c80ab48096053f512f2321f0b998f98150cea9bd23d83e1467b", size = 142543, upload-time = "2025-09-25T21:32:08.95Z" },
    { url = "https://files.pythonhosted.org/packages/da/e3/ea007450a105ae919a72393cb06f122f288ef60bba2dc64b26e2646fa315/pyyaml-6.0.3-cp311-cp311-win_amd64.whl", hash = "sha256:9f3bfb4965eb874431221a3ff3fdcddc7e74e3b07799e0e84ca4a0f867d449bf", size = 158763, upload-time = "2025-09-25T21:32:09.96Z" },
]

[[package]]
name = "simplesat"
version = "0.8.2"
source = { registry = "https://pypi.org/simple" }
dependencies = [
    { name = "attrs" },
    { name = "okonomiyaki" },
    { name = "six" },
]
sdist = { url = "https://files.pythonhosted.org/packages/a9/66/5b3f8b53e5b3231eb13e319def26ff28ffdc4928ceb7bed7910cd0debd3f/simplesat-0.8.2.tar.gz", hash = "sha256:1943f32735b03b048e20953a0145b2b61d2eb7a9dcc471a74f214afe9fa8d858", size = 206989, upload-time = "2019-10-09T15:23:39.248Z" }
wheels = [
    { url = "https://files.pythonhosted.org/packages/1f/79/aca2b68a5fb5f2a3183bf2ac0f09fb05dc6b4ce859dc1aa52670c44866a8/simplesat-0.8.2-py2.py3-none-any.whl", hash = "sha256:76dd637db54c998badb988baafbc2bd4cc6689364580588487bc2634a6ab55fd", size = 246095, upload-time = "2019-10-09T15:23:37.05Z" },
]

[[package]]
name = "six"
version = "1.17.0"
source = { registry = "https://pypi.org/simple" }
sdist = { url = "https://files.pythonhosted.org/packages/94/e7/b2c673351809dca68a0e064b6af791aa332cf192da575fd474ed7d6f16a2/six-1.17.0.tar.gz", hash = "sha256:ff70335d468e7eb6ec65b95b99d3a2836546063f63acc5171de367e834932a81", size = 34031, upload-time = "2024-12-04T17:35:28.174Z" }
wheels = [
    { url = "https://files.pythonhosted.org/packages/b7/ce/149a00dd41f10bc29e5921b496af8b574d8413afcd5e30dfa0ed46c2cc5e/six-1.17.0-py2.py3-none-any.whl", hash = "sha256:4721f391ed90541fddacab5acf947aa0d3dc7d27b2e1e8eda2be8970586c3274", size = 11050, upload-time = "2024-12-04T17:35:26.475Z" },
]

[[package]]
name = "virtualenv"
version = "20.35.4"
source = { registry = "https://pypi.org/simple" }
dependencies = [
    { name = "distlib" },
    { name = "filelock" },
    { name = "platformdirs" },
]
sdist = { url = "https://files.pythonhosted.org/packages/20/28/e6f1a6f655d620846bd9df527390ecc26b3805a0c5989048c210e22c5ca9/virtualenv-20.35.4.tar.gz", hash = "sha256:643d3914d73d3eeb0c552cbb12d7e82adf0e504dbf86a3182f8771a153a1971c", size = 6028799, upload-time = "2025-10-29T06:57:40.511Z" }
wheels = [
    { url = "https://files.pythonhosted.org/packages/79/0c/c05523fa3181fdf0c9c52a6ba91a23fbf3246cc095f26f6516f9c60e6771/virtualenv-20.35.4-py3-none-any.whl", hash = "sha256:c21c9cede36c9753eeade68ba7d523529f228a403463376cf821eaae2b650f1b", size = 6005095, upload-time = "2025-10-29T06:57:37.598Z" },
]
